{
  "name": "website-evidence-collector",
  "version": "0.1.0",
  "lockfileVersion": 1,
  "requires": true,
  "dependencies": {
    "@cliqz/adblocker": {
      "version": "0.9.1",
      "resolved": "https://registry.npmjs.org/@cliqz/adblocker/-/adblocker-0.9.1.tgz",
      "integrity": "sha512-D/2Rw8NW8Rn3Ts2UGHNJ8IzkOCHUbB/Jbi1v19pDgh4ox5SPf2qzxHIMH6603qRAzIkpM3xHw1BZRo3dr/itEQ==",
      "requires": {
        "tslib": "^1.9.3"
      }
    },
    "dayjs": {
      "version": "1.7.7",
      "resolved": "https://registry.npmjs.org/dayjs/-/dayjs-1.7.7.tgz",
      "integrity": "sha512-Qlkiu0NNDpYwhk0syK4ImvAl/5YnsEMkvC2O123INviGeOA3Q8s5VyVkZzmN5SC7Wv9bb1+rfwO+uSqtHB4UWw=="
    },
    "debug": {
      "version": "3.1.0",
      "resolved": "https://registry.npmjs.org/debug/-/debug-3.1.0.tgz",
      "integrity": "sha512-OX8XqP7/1a9cqkxYw2yXss15f26NKWBpDXQd0/uK/KPqdQhxbPa994hnzjcE2VqQpDslf55723cKPUOGSmMY3g==",
      "requires": {
        "ms": "2.0.0"
      }
    },
    "error-stack-parser": {
      "version": "2.0.2",
      "resolved": "https://registry.npmjs.org/error-stack-parser/-/error-stack-parser-2.0.2.tgz",
      "integrity": "sha512-E1fPutRDdIj/hohG0UpT5mayXNCxXP9d+snxFsPU9X0XgccOumKraa3juDMwTUyi7+Bu5+mCGagjg4IYeNbOdw==",
      "requires": {
        "stackframe": "^1.0.4"
      }
    },
    "ip-regex": {
      "version": "2.1.0",
      "resolved": "https://registry.npmjs.org/ip-regex/-/ip-regex-2.1.0.tgz",
      "integrity": "sha1-+ni/XS5pE8kRzp+BnuUUa7bYROk="
    },
    "ms": {
      "version": "2.0.0",
      "resolved": "https://registry.npmjs.org/ms/-/ms-2.0.0.tgz",
      "integrity": "sha1-VgiurfwAvmwpAd9fmGF4jeDVl8g="
    },
    "psl": {
      "version": "1.1.31",
      "resolved": "https://registry.npmjs.org/psl/-/psl-1.1.31.tgz",
      "integrity": "sha512-/6pt4+C+T+wZUieKR620OpzN/LlnNKuWjy1iFLQ/UG35JqHlR/89MP1d96dUfkf6Dne3TuLQzOYEYshJ+Hx8mw=="
    },
    "punycode": {
      "version": "2.1.1",
      "resolved": "https://registry.npmjs.org/punycode/-/punycode-2.1.1.tgz",
      "integrity": "sha512-XRsRjdf+j5ml+y/6GKHPZbrF/8p2Yga0JPtdqTIY2Xe5ohJPD9saDJJLPvp9+NSBprVvevdXZybnj2cv8OEd0A=="
    },
    "puppeteer": {
      "version": "1.11.0",
      "resolved": "https://registry.npmjs.org/puppeteer/-/puppeteer-1.11.0.tgz",
      "integrity": "sha512-iG4iMOHixc2EpzqRV+pv7o3GgmU2dNYEMkvKwSaQO/vMZURakwSOn/EYJ6OIRFYOque1qorzIBvrytPIQB3YzQ==",
      "requires": {
        "debug": "^4.1.0",
        "extract-zip": "^1.6.6",
        "https-proxy-agent": "^2.2.1",
        "mime": "^2.0.3",
        "progress": "^2.0.1",
        "proxy-from-env": "^1.0.0",
        "rimraf": "^2.6.1",
        "ws": "^6.1.0"
      }
    },
    "puppeteer-har": {
      "version": "github:jasonm/puppeteer-har#df2d7b50c6c3af514dce0bc15431de58620e7c33",
      "from": "github:jasonm/puppeteer-har",
      "requires": {
        "chrome-har": "^0.10.0"
      },
      "dependencies": {
        "chrome-har": {
          "version": "0.10.0",
          "resolved": "https://registry.npmjs.org/chrome-har/-/chrome-har-0.10.0.tgz",
          "integrity": "sha512-iTSLICNCy+Li6kpcv07HY6iaITeRgkGd9O2F3ndMRoqFQcrSDTleXIyOEsZFrux5ocSdqdUECsHbFoYvCgS0wQ==",
          "requires": {
            "dayjs": "1.7.7",
            "debug": "3.1.0",
            "tough-cookie": "2.3.4",
            "uuid": "3.2.1"
          },
          "dependencies": {
            "tough-cookie": {
              "version": "2.3.4",
              "resolved": "https://registry.npmjs.org/tough-cookie/-/tough-cookie-2.3.4.tgz",
              "integrity": "sha512-TZ6TTfI5NtZnuyy/Kecv+CnoROnyXn2DN97LontgQpCwsX2XyLYCC0ENhYkehSOwAp8rTQKc/NUIF7BkQ5rKLA==",
              "requires": {
                "punycode": "^1.4.1"
              }
            }
          }
        },
        "punycode": {
          "version": "1.4.1",
          "resolved": "https://registry.npmjs.org/punycode/-/punycode-1.4.1.tgz",
          "integrity": "sha1-wNWmOycYgArY4esPpSachN1BhF4="
        }
      }
    },
    "source-map": {
      "version": "0.5.6",
      "resolved": "https://registry.npmjs.org/source-map/-/source-map-0.5.6.tgz",
      "integrity": "sha1-dc449SvwczxafwwRjYEzSiu19BI="
    },
    "stack-generator": {
      "version": "2.0.3",
      "resolved": "https://registry.npmjs.org/stack-generator/-/stack-generator-2.0.3.tgz",
      "integrity": "sha512-kdzGoqrnqsMxOEuXsXyQTmvWXZmG0f3Ql2GDx5NtmZs59sT2Bt9Vdyq0XdtxUi58q/+nxtbF9KOQ9HkV1QznGg==",
      "requires": {
        "stackframe": "^1.0.4"
      }
    },
    "stackframe": {
      "version": "1.0.4",
      "resolved": "https://registry.npmjs.org/stackframe/-/stackframe-1.0.4.tgz",
      "integrity": "sha512-to7oADIniaYwS3MhtCa/sQhrxidCCQiF/qp4/m5iN3ipf0Y7Xlri0f6eG29r08aL7JYl8n32AF3Q5GYBZ7K8vw=="
    },
    "stacktrace-gps": {
      "version": "3.0.2",
      "resolved": "https://registry.npmjs.org/stacktrace-gps/-/stacktrace-gps-3.0.2.tgz",
      "integrity": "sha512-9o+nWhiz5wFnrB3hBHs2PTyYrS60M1vvpSzHxwxnIbtY2q9Nt51hZvhrG1+2AxD374ecwyS+IUwfkHRE/2zuGg==",
      "requires": {
        "source-map": "0.5.6",
        "stackframe": "^1.0.4"
      }
    },
    "stacktrace-js": {
      "version": "2.0.0",
      "resolved": "https://registry.npmjs.org/stacktrace-js/-/stacktrace-js-2.0.0.tgz",
      "integrity": "sha1-d2ymRqlbxsayuQd2U2p/xyxt21g=",
      "requires": {
        "error-stack-parser": "^2.0.1",
        "stack-generator": "^2.0.1",
        "stacktrace-gps": "^3.0.1"
      }
    },
    "tldts": {
      "version": "4.0.6",
      "resolved": "https://registry.npmjs.org/tldts/-/tldts-4.0.6.tgz",
      "integrity": "sha512-Or/FylLxfHc/vXMN0XTrY3MDlGqyeUIB1AYTN2QV2fnKJ3ZEpM4iTTofv8AdA09UbZtsPmvcSk841kpDqbM6bg=="
    },
    "tough-cookie": {
      "version": "3.0.1",
      "resolved": "https://registry.npmjs.org/tough-cookie/-/tough-cookie-3.0.1.tgz",
      "integrity": "sha512-yQyJ0u4pZsv9D4clxO69OEjLWYw+jbgspjTue4lTQZLfV0c5l1VmK2y1JK8E9ahdpltPOaAThPcp5nKPUgSnsg==",
      "requires": {
        "ip-regex": "^2.1.0",
        "psl": "^1.1.28",
        "punycode": "^2.1.1"
      }
    },
    "tslib": {
      "version": "1.9.3",
      "resolved": "https://registry.npmjs.org/tslib/-/tslib-1.9.3.tgz",
      "integrity": "sha512-4krF8scpejhaOgqzBEcGM7yDIEfi0/8+8zDRZhNZZ2kjmHJ4hv3zCbQWxoJGz1iw5U0Jl0nma13xzHXcncMavQ=="
    },
    "uuid": {
      "version": "3.2.1",
      "resolved": "https://registry.npmjs.org/uuid/-/uuid-3.2.1.tgz",
      "integrity": "sha512-jZnMwlb9Iku/O3smGWvZhauCf6cvvpKi4BKRiliS3cxnI+Gz9j5MEpTz2UFuXiKPJocb7gnsLHwiS05ige5BEA=="
    }
  }
}
